
Microsoft Visual Studio Solution File, Format Version 12.00
# Visual Studio Version 17
VisualStudioVersion = 17.0.31612.314
MinimumVisualStudioVersion = 10.0.40219.1
Project("{9A19103F-16F7-4668-BE54-9A1E7A4F7556}") = "ReproducibleBugs", "ReproducibleBugs\ReproducibleBugs.csproj", "{E73D2D53-01B3-4CE5-B739-79AE8B8B49DB}"
EndProject
Project("{9A19103F-16F7-4668-BE54-9A1E7A4F7556}") = "ReproducibleBugs.WinUI", "ReproducibleBugs.WinUI\ReproducibleBugs.WinUI.csproj", "{389ACCA3-B548-4E4D-91BF-0DD4543A9571}"
EndProject
Global
	GlobalSection(SolutionConfigurationPlatforms) = preSolution
		Debug|Any CPU = Debug|Any CPU
		Release|Any CPU = Release|Any CPU
	EndGlobalSection
	GlobalSection(ProjectConfigurationPlatforms) = postSolution
		{E73D2D53-01B3-4CE5-B739-79AE8B8B49DB}.Debug|Any CPU.ActiveCfg = Debug|Any CPU
		{E73D2D53-01B3-4CE5-B739-79AE8B8B49DB}.Debug|Any CPU.Build.0 = Debug|Any CPU
		{E73D2D53-01B3-4CE5-B739-79AE8B8B49DB}.Debug|Any CPU.Deploy.0 = Debug|Any CPU
		{E73D2D53-01B3-4CE5-B739-79AE8B8B49DB}.Release|Any CPU.ActiveCfg = Release|Any CPU
		{E73D2D53-01B3-4CE5-B739-79AE8B8B49DB}.Release|Any CPU.Build.0 = Release|Any CPU
		{389ACCA3-B548-4E4D-91BF-0DD4543A9571}.Debug|Any CPU.ActiveCfg = Debug|Any CPU
		{389ACCA3-B548-4E4D-91BF-0DD4543A9571}.Debug|Any CPU.Build.0 = Debug|Any CPU
		{389ACCA3-B548-4E4D-91BF-0DD4543A9571}.Release|Any CPU.ActiveCfg = Release|Any CPU
		{389ACCA3-B548-4E4D-91BF-0DD4543A9571}.Release|Any CPU.Build.0 = Release|Any CPU
	EndGlobalSection
	GlobalSection(SolutionProperties) = preSolution
		HideSolutionNode = FALSE
	EndGlobalSection
	GlobalSection(ExtensibilityGlobals) = postSolution
		SolutionGuid = {B4626343-30B1-4FB4-9259-A9F705EC4703}
	EndGlobalSection
EndGlobal
